// !$*UTF8*$!
{
	archiveVersion = 1;
	classes = {
	};
	objectVersion = 46;
	objects = {

/* Begin PBXBuildFile section */
		B79FDCD5173191E5003D8B63 /* UIKit.framework in Frameworks */ = {isa = PBXBuildFile; fileRef = B79FDCD4173191E5003D8B63 /* UIKit.framework */; };
		B79FDCD7173191E5003D8B63 /* Foundation.framework in Frameworks */ = {isa = PBXBuildFile; fileRef = B79FDCD6173191E5003D8B63 /* Foundation.framework */; };
		B79FDCD9173191E5003D8B63 /* CoreGraphics.framework in Frameworks */ = {isa = PBXBuildFile; fileRef = B79FDCD8173191E5003D8B63 /* CoreGraphics.framework */; };
		B79FDCDF173191E5003D8B63 /* InfoPlist.strings in Resources */ = {isa = PBXBuildFile; fileRef = B79FDCDD173191E5003D8B63 /* InfoPlist.strings */; };
		B79FDCE1173191E5003D8B63 /* main.m in Sources */ = {isa = PBXBuildFile; fileRef = B79FDCE0173191E5003D8B63 /* main.m */; };
		B79FDCE5173191E5003D8B63 /* AppDelegate.m in Sources */ = {isa = PBXBuildFile; fileRef = B79FDCE4173191E5003D8B63 /* AppDelegate.m */; };
		B79FDCE7173191E5003D8B63 /* Default.png in Resources */ = {isa = PBXBuildFile; fileRef = B79FDCE6173191E5003D8B63 /* Default.png */; };
		B79FDCE9173191E5003D8B63 /* Default@2x.png in Resources */ = {isa = PBXBuildFile; fileRef = B79FDCE8173191E5003D8B63 /* Default@2x.png */; };
		B79FDCEB173191E5003D8B63 /* Default-568h@2x.png in Resources */ = {isa = PBXBuildFile; fileRef = B79FDCEA173191E5003D8B63 /* Default-568h@2x.png */; };
		B79FDCEE173191E5003D8B63 /* ViewController.m in Sources */ = {isa = PBXBuildFile; fileRef = B79FDCED173191E5003D8B63 /* ViewController.m */; };
		B79FDCF1173191E5003D8B63 /* ViewController.xib in Resources */ = {isa = PBXBuildFile; fileRef = B79FDCEF173191E5003D8B63 /* ViewController.xib */; };
/* End PBXBuildFile section */

/* Begin PBXFileReference section */
		B79FDCD1173191E5003D8B63 /* testApp.app */ = {isa = PBXFileReference; explicitFileType = wrapper.application; includeInIndex = 0; path = testApp.app; sourceTree = BUILT_PRODUCTS_DIR; };
		B79FDCD4173191E5003D8B63 /* UIKit.framework */ = {isa = PBXFileReference; lastKnownFileType = wrapper.framework; name = UIKit.framework; path = System/Library/Frameworks/UIKit.framework; sourceTree = SDKROOT; };
		B79FDCD6173191E5003D8B63 /* Foundation.framework */ = {isa = PBXFileReference; lastKnownFileType = wrapper.framework; name = Foundation.framework; path = System/Library/Frameworks/Foundation.framework; sourceTree = SDKROOT; };
		B79FDCD8173191E5003D8B63 /* CoreGraphics.framework */ = {isa = PBXFileReference; lastKnownFileType = wrapper.framework; name = CoreGraphics.framework; path = System/Library/Frameworks/CoreGraphics.framework; sourceTree = SDKROOT; };
		B79FDCDC173191E5003D8B63 /* testApp-Info.plist */ = {isa = PBXFileReference; lastKnownFileType = text.plist.xml; path = "testApp-Info.plist"; sourceTree = "<group>"; };
		B79FDCDE173191E5003D8B63 /* en */ = {isa = PBXFileReference; lastKnownFileType = text.plist.strings; name = en; path = en.lproj/InfoPlist.strings; sourceTree = "<group>"; };
		B79FDCE0173191E5003D8B63 /* main.m */ = {isa = PBXFileReference; lastKnownFileType = sourcecode.c.objc; path = main.m; sourceTree = "<group>"; };
		B79FDCE2173191E5003D8B63 /* testApp-Prefix.pch */ = {isa = PBXFileReference; lastKnownFileType = sourcecode.c.h; path = "testApp-Prefix.pch"; sourceTree = "<group>"; };
		B79FDCE3173191E5003D8B63 /* AppDelegate.h */ = {isa = PBXFileReference; lastKnownFileType = sourcecode.c.h; path = AppDelegate.h; sourceTree = "<group>"; };
		B79FDCE4173191E5003D8B63 /* AppDelegate.m */ = {isa = PBXFileReference; lastKnownFileType = sourcecode.c.objc; path = AppDelegate.m; sourceTree = "<group>"; };
		B79FDCE6173191E5003D8B63 /* Default.png */ = {isa = PBXFileReference; lastKnownFileType = image.png; path = Default.png; sourceTree = "<group>"; };
		B79FDCE8173191E5003D8B63 /* Default@2x.png */ = {isa = PBXFileReference; lastKnownFileType = image.png; path = "Default@2x.png"; sourceTree = "<group>"; };
		B79FDCEA173191E5003D8B63 /* Default-568h@2x.png */ = {isa = PBXFileReference; lastKnownFileType = image.png; path = "Default-568h@2x.png"; sourceTree = "<group>"; };
		B79FDCEC173191E5003D8B63 /* ViewController.h */ = {isa = PBXFileReference; lastKnownFileType = sourcecode.c.h; path = ViewController.h; sourceTree = "<group>"; };
		B79FDCED173191E5003D8B63 /* ViewController.m */ = {isa = PBXFileReference; lastKnownFileType = sourcecode.c.objc; path = ViewController.m; sourceTree = "<group>"; };
		B79FDCF0173191E5003D8B63 /* en */ = {isa = PBXFileReference; lastKnownFileType = file.xib; name = en; path = en.lproj/ViewController.xib; sourceTree = "<group>"; };
/* End PBXFileReference section */

/* Begin PBXFrameworksBuildPhase section */
		B79FDCCE173191E5003D8B63 /* Frameworks */ = {
			isa = PBXFrameworksBuildPhase;
			buildActionMask = 2147483647;
			files = (
				B79FDCD5173191E5003D8B63 /* UIKit.framework in Frameworks */,
				B79FDCD7173191E5003D8B63 /* Foundation.framework in Frameworks */,
				B79FDCD9173191E5003D8B63 /* CoreGraphics.framework in Frameworks */,
			);
			runOnlyForDeploymentPostprocessing = 0;
		};
/* End PBXFrameworksBuildPhase section */

/* Begin PBXGroup section */
		B79FDCC8173191E5003D8B63 = {
			isa = PBXGroup;
			children = (
				B79FDCDA173191E5003D8B63 /* testApp */,
				B79FDCD3173191E5003D8B63 /* Frameworks */,
				B79FDCD2173191E5003D8B63 /* Products */,
			);
			sourceTree = "<group>";
		};
		B79FDCD2173191E5003D8B63 /* Products */ = {
			isa = PBXGroup;
			children = (
				B79FDCD1173191E5003D8B63 /* testApp.app */,
			);
			name = Products;
			sourceTree = "<group>";
		};
		B79FDCD3173191E5003D8B63 /* Frameworks */ = {
			isa = PBXGroup;
			children = (
				B79FDCD4173191E5003D8B63 /* UIKit.framework */,
				B79FDCD6173191E5003D8B63 /* Foundation.framework */,
				B79FDCD8173191E5003D8B63 /* CoreGraphics.framework */,
			);
			name = Frameworks;
			sourceTree = "<group>";
		};
		B79FDCDA173191E5003D8B63 /* testApp */ = {
			isa = PBXGroup;
			children = (
				B79FDCE3173191E5003D8B63 /* AppDelegate.h */,
				B79FDCE4173191E5003D8B63 /* AppDelegate.m */,
				B79FDCEC173191E5003D8B63 /* ViewController.h */,
				B79FDCED173191E5003D8B63 /* ViewController.m */,
				B79FDCEF173191E5003D8B63 /* ViewController.xib */,
				B79FDCDB173191E5003D8B63 /* Supporting Files */,
			);
			path = testApp;
			sourceTree = "<group>";
		};
		B79FDCDB173191E5003D8B63 /* Supporting Files */ = {
			isa = PBXGroup;
			children = (
				B79FDCDC173191E5003D8B63 /* testApp-Info.plist */,
				B79FDCDD173191E5003D8B63 /* InfoPlist.strings */,
				B79FDCE0173191E5003D8B63 /* main.m */,
				B79FDCE2173191E5003D8B63 /* testApp-Prefix.pch */,
				B79FDCE6173191E5003D8B63 /* Default.png */,
				B79FDCE8173191E5003D8B63 /* Default@2x.png */,
				B79FDCEA173191E5003D8B63 /* Default-568h@2x.png */,
			);
			name = "Supporting Files";
			sourceTree = "<group>";
		};
/* End PBXGroup section */

/* Begin PBXNativeTarget section */
		B79FDCD0173191E5003D8B63 /* testApp */ = {
			isa = PBXNativeTarget;
			buildConfigurationList = B79FDCF4173191E5003D8B63 /* Build configuration list for PBXNativeTarget "testApp" */;
			buildPhases = (
				B79FDCCD173191E5003D8B63 /* Sources */,
				B79FDCCE173191E5003D8B63 /* Frameworks */,
				B79FDCCF173191E5003D8B63 /* Resources */,
			);
			buildRules = (
			);
			dependencies = (
			);
			name = testApp;
			productName = testApp;
			productReference = B79FDCD1173191E5003D8B63 /* testApp.app */;
			productType = "com.apple.product-type.application";
		};
/* End PBXNativeTarget section */

/* Begin PBXProject section */
		B79FDCC9173191E5003D8B63 /* Project object */ = {
			isa = PBXProject;
			attributes = {
				LastUpgradeCheck = 0460;
				ORGANIZATIONNAME = "Edward Murray";
			};
			buildConfigurationList = B79FDCCC173191E5003D8B63 /* Build configuration list for PBXProject "testApp" */;
			compatibilityVersion = "Xcode 3.2";
			developmentRegion = English;
			hasScannedForEncodings = 0;
			knownRegions = (
				en,
			);
			mainGroup = B79FDCC8173191E5003D8B63;
			productRefGroup = B79FDCD2173191E5003D8B63 /* Products */;
			projectDirPath = "";
			projectRoot = "";
			targets = (
				B79FDCD0173191E5003D8B63 /* testApp */,
			);
		};
/* End PBXProject section */

/* Begin PBXResourcesBuildPhase section */
		B79FDCCF173191E5003D8B63 /* Resources */ = {
			isa = PBXResourcesBuildPhase;
			buildActionMask = 2147483647;
			files = (
				B79FDCDF173191E5003D8B63 /* InfoPlist.strings in Resources */,
				B79FDCE7173191E5003D8B63 /* Default.png in Resources */,
				B79FDCE9173191E5003D8B63 /* Default@2x.png in Resources */,
				B79FDCEB173191E5003D8B63 /* Default-568h@2x.png in Resources */,
				B79FDCF1173191E5003D8B63 /* ViewController.xib in Resources */,
			);
			runOnlyForDeploymentPostprocessing = 0;
		};
/* End PBXResourcesBuildPhase section */

/* Begin PBXSourcesBuildPhase section */
		B79FDCCD173191E5003D8B63 /* Sources */ = {
			isa = PBXSourcesBuildPhase;
			buildActionMask = 2147483647;
			files = (
				B79FDCE1173191E5003D8B63 /* main.m in Sources */,
				B79FDCE5173191E5003D8B63 /* AppDelegate.m in Sources */,
				B79FDCEE173191E5003D8B63 /* ViewController.m in Sources */,
			);
			runOnlyForDeploymentPostprocessing = 0;
		};
/* End PBXSourcesBuildPhase section */

/* Begin PBXVariantGroup section */
		B79FDCDD173191E5003D8B63 /* InfoPlist.strings */ = {
			isa = PBXVariantGroup;
			children = (
				B79FDCDE173191E5003D8B63 /* en */,
			);
			name = InfoPlist.strings;
			sourceTree = "<group>";
		};
		B79FDCEF173191E5003D8B63 /* ViewController.xib */ = {
			isa = PBXVariantGroup;
			children = (
				B79FDCF0173191E5003D8B63 /* en */,
			);
			name = ViewController.xib;
			sourceTree = "<group>";
		};
/* End PBXVariantGroup section */

/* Begin XCBuildConfiguration section */
		B79FDCF2173191E5003D8B63 /* Debug */ = {
			isa = XCBuildConfiguration;
			buildSettings = {
				ALWAYS_SEARCH_USER_PATHS = NO;
				CLANG_CXX_LANGUAGE_STANDARD = "gnu++0x";
				CLANG_CXX_LIBRARY = "libc++";
				CLANG_WARN_CONSTANT_CONVERSION = YES;
				CLANG_WARN_EMPTY_BODY = YES;
				CLANG_WARN_ENUM_CONVERSION = YES;
				CLANG_WARN_INT_CONVERSION = YES;
				CLANG_WARN__DUPLICATE_METHOD_MATCH = YES;
				"CODE_SIGN_IDENTITY[sdk=iphoneos*]" = "iPhone Developer";
				COPY_PHASE_STRIP = NO;
				GCC_C_LANGUAGE_STANDARD = gnu99;
				GCC_DYNAMIC_NO_PIC = NO;
				GCC_OPTIMIZATION_LEVEL = 0;
				GCC_PREPROCESSOR_DEFINITIONS = (
					"DEBUG=1",
					"$(inherited)",
				);
				GCC_SYMBOLS_PRIVATE_EXTERN = NO;
				GCC_WARN_ABOUT_RETURN_TYPE = YES;
				GCC_WARN_UNINITIALIZED_AUTOS = YES;
				GCC_WARN_UNUSED_VARIABLE = YES;
				IPHONEOS_DEPLOYMENT_TARGET = 6.1;
				ONLY_ACTIVE_ARCH = YES;
				SDKROOT = iphoneos;
			};
			name = Debug;
		};
		B79FDCF3173191E5003D8B63 /* Release */ = {
			isa = XCBuildConfiguration;
			buildSettings = {
				ALWAYS_SEARCH_USER_PATHS = NO;
				CLANG_CXX_LANGUAGE_STANDARD = "gnu++0x";
				CLANG_CXX_LIBRARY = "libc++";
				CLANG_WARN_CONSTANT_CONVERSION = YES;
				CLANG_WARN_EMPTY_BODY = YES;
				CLANG_WARN_ENUM_CONVERSION = YES;
				CLANG_WARN_INT_CONVERSION = YES;
				CLANG_WARN__DUPLICATE_METHOD_MATCH = YES;
				"CODE_SIGN_IDENTITY[sdk=iphoneos*]" = "iPhone Developer";
				COPY_PHASE_STRIP = YES;
				GCC_C_LANGUAGE_STANDARD = gnu99;
				GCC_WARN_ABOUT_RETURN_TYPE = YES;
				GCC_WARN_UNINITIALIZED_AUTOS = YES;
				GCC_WARN_UNUSED_VARIABLE = YES;
				IPHONEOS_DEPLOYMENT_TARGET = 6.1;
				OTHER_CFLAGS = "-DNS_BLOCK_ASSERTIONS=1";
				SDKROOT = iphoneos;
				VALIDATE_PRODUCT = YES;
			};
			name = Release;
		};
		B79FDCF5173191E5003D8B63 /* Debug */ = {
			isa = XCBuildConfiguration;
			buildSettings = {
				GCC_PRECOMPILE_PREFIX_HEADER = YES;
				GCC_PREFIX_HEADER = "testApp/testApp-Prefix.pch";
				INFOPLIST_FILE = "testApp/testApp-Info.plist";
				PRODUCT_NAME = "$(TARGET_NAME)";
				WRAPPER_EXTENSION = app;
			};
			name = Debug;
		};
		B79FDCF6173191E5003D8B63 /* Release */ = {
			isa = XCBuildConfiguration;
			buildSettings = {
				GCC_PRECOMPILE_PREFIX_HEADER = YES;
				GCC_PREFIX_HEADER = "testApp/testApp-Prefix.pch";
				INFOPLIST_FILE = "testApp/testApp-Info.plist";
				PRODUCT_NAME = "$(TARGET_NAME)";
				WRAPPER_EXTENSION = app;
			};
			name = Release;
		};
/* End XCBuildConfiguration section */

/* Begin XCConfigurationList section */
		B79FDCCC173191E5003D8B63 /* Build configuration list for PBXProject "testApp" */ = {
			isa = XCConfigurationList;
			buildConfigurations = (
				B79FDCF2173191E5003D8B63 /* Debug */,
				B79FDCF3173191E5003D8B63 /* Release */,
			);
			defaultConfigurationIsVisible = 0;
			defaultConfigurationName = Release;
		};
		B79FDCF4173191E5003D8B63 /* Build configuration list for PBXNativeTarget "testApp" */ = {
			isa = XCConfigurationList;
			buildConfigurations = (
				B79FDCF5173191E5003D8B63 /* Debug */,
				B79FDCF6173191E5003D8B63 /* Release */,
			);
			defaultConfigurationIsVisible = 0;
		};
/* End XCConfigurationList section */
	};
	rootObject = B79FDCC9173191E5003D8B63 /* Project object */;
}
